// !$*UTF8*$!
{
	archiveVersion = 1;
	classes = {
	};
	objectVersion = 56;
	objects = {

/* Begin PBXBuildFile section */
		245943192A17985E001A030F /* main.cpp in Sources */ = {isa = PBXBuildFile; fileRef = 245943182A17985E001A030F /* main.cpp */; };
		245943212A179893001A030F /* curves_BASE.cpp in Sources */ = {isa = PBXBuildFile; fileRef = 2459431F2A179893001A030F /* curves_BASE.cpp */; };
		245943242A179D41001A030F /* line_CHILD.cpp in Sources */ = {isa = PBXBuildFile; fileRef = 245943222A179D41001A030F /* line_CHILD.cpp */; };
		245943272A179D60001A030F /* ellipse_CHILD.cpp in Sources */ = {isa = PBXBuildFile; fileRef = 245943252A179D60001A030F /* ellipse_CHILD.cpp */; };
		2459432A2A179D75001A030F /* Hyperbole_CHILD.cpp in Sources */ = {isa = PBXBuildFile; fileRef = 245943282A179D75001A030F /* Hyperbole_CHILD.cpp */; };
/* End PBXBuildFile section */

/* Begin PBXCopyFilesBuildPhase section */
		245943132A17985E001A030F /* CopyFiles */ = {
			isa = PBXCopyFilesBuildPhase;
			buildActionMask = 2147483647;
			dstPath = /usr/share/man/man1/;
			dstSubfolderSpec = 0;
			files = (
			);
			runOnlyForDeploymentPostprocessing = 1;
		};
/* End PBXCopyFilesBuildPhase section */

/* Begin PBXFileReference section */
		245943152A17985E001A030F /* ТП3_19 */ = {isa = PBXFileReference; explicitFileType = "compiled.mach-o.executable"; includeInIndex = 0; path = "ТП3_19"; sourceTree = BUILT_PRODUCTS_DIR; };
		245943182A17985E001A030F /* main.cpp */ = {isa = PBXFileReference; lastKnownFileType = sourcecode.cpp.cpp; path = main.cpp; sourceTree = "<group>"; };
		2459431F2A179893001A030F /* curves_BASE.cpp */ = {isa = PBXFileReference; lastKnownFileType = sourcecode.cpp.cpp; path = curves_BASE.cpp; sourceTree = "<group>"; };
		245943202A179893001A030F /* curves_BASE.hpp */ = {isa = PBXFileReference; lastKnownFileType = sourcecode.cpp.h; path = curves_BASE.hpp; sourceTree = "<group>"; };
		245943222A179D41001A030F /* line_CHILD.cpp */ = {isa = PBXFileReference; lastKnownFileType = sourcecode.cpp.cpp; path = line_CHILD.cpp; sourceTree = "<group>"; };
		245943232A179D41001A030F /* line_CHILD.hpp */ = {isa = PBXFileReference; lastKnownFileType = sourcecode.cpp.h; path = line_CHILD.hpp; sourceTree = "<group>"; };
		245943252A179D60001A030F /* ellipse_CHILD.cpp */ = {isa = PBXFileReference; lastKnownFileType = sourcecode.cpp.cpp; path = ellipse_CHILD.cpp; sourceTree = "<group>"; };
		245943262A179D60001A030F /* ellipse_CHILD.hpp */ = {isa = PBXFileReference; lastKnownFileType = sourcecode.cpp.h; path = ellipse_CHILD.hpp; sourceTree = "<group>"; };
		245943282A179D75001A030F /* Hyperbole_CHILD.cpp */ = {isa = PBXFileReference; lastKnownFileType = sourcecode.cpp.cpp; path = Hyperbole_CHILD.cpp; sourceTree = "<group>"; };
		245943292A179D75001A030F /* Hyperbole_CHILD.hpp */ = {isa = PBXFileReference; lastKnownFileType = sourcecode.cpp.h; path = Hyperbole_CHILD.hpp; sourceTree = "<group>"; };
/* End PBXFileReference section */

/* Begin PBXFrameworksBuildPhase section */
		245943122A17985E001A030F /* Frameworks */ = {
			isa = PBXFrameworksBuildPhase;
			buildActionMask = 2147483647;
			files = (
			);
			runOnlyForDeploymentPostprocessing = 0;
		};
/* End PBXFrameworksBuildPhase section */

/* Begin PBXGroup section */
		2459430C2A17985E001A030F = {
			isa = PBXGroup;
			children = (
				245943172A17985E001A030F /* ТП3_19 */,
				245943162A17985E001A030F /* Products */,
			);
			sourceTree = "<group>";
		};
		245943162A17985E001A030F /* Products */ = {
			isa = PBXGroup;
			children = (
				245943152A17985E001A030F /* ТП3_19 */,
			);
			name = Products;
			sourceTree = "<group>";
		};
		245943172A17985E001A030F /* ТП3_19 */ = {
			isa = PBXGroup;
			children = (
				245943182A17985E001A030F /* main.cpp */,
				245943282A179D75001A030F /* Hyperbole_CHILD.cpp */,
				245943292A179D75001A030F /* Hyperbole_CHILD.hpp */,
				245943252A179D60001A030F /* ellipse_CHILD.cpp */,
				245943262A179D60001A030F /* ellipse_CHILD.hpp */,
				245943222A179D41001A030F /* line_CHILD.cpp */,
				245943232A179D41001A030F /* line_CHILD.hpp */,
				2459431F2A179893001A030F /* curves_BASE.cpp */,
				245943202A179893001A030F /* curves_BASE.hpp */,
			);
			path = "ТП3_19";
			sourceTree = "<group>";
		};
/* End PBXGroup section */

/* Begin PBXNativeTarget section */
		245943142A17985E001A030F /* ТП3_19 */ = {
			isa = PBXNativeTarget;
			buildConfigurationList = 2459431C2A17985E001A030F /* Build configuration list for PBXNativeTarget "ТП3_19" */;
			buildPhases = (
				245943112A17985E001A030F /* Sources */,
				245943122A17985E001A030F /* Frameworks */,
				245943132A17985E001A030F /* CopyFiles */,
			);
			buildRules = (
			);
			dependencies = (
			);
			name = "ТП3_19";
			productName = "ТП3_19";
			productReference = 245943152A17985E001A030F /* ТП3_19 */;
			productType = "com.apple.product-type.tool";
		};
/* End PBXNativeTarget section */

/* Begin PBXProject section */
		2459430D2A17985E001A030F /* Project object */ = {
			isa = PBXProject;
			attributes = {
				BuildIndependentTargetsInParallel = 1;
				LastUpgradeCheck = 1430;
				TargetAttributes = {
					245943142A17985E001A030F = {
						CreatedOnToolsVersion = 14.3;
					};
				};
			};
			buildConfigurationList = 245943102A17985E001A030F /* Build configuration list for PBXProject "ТП3_19" */;
			compatibilityVersion = "Xcode 14.0";
			developmentRegion = en;
			hasScannedForEncodings = 0;
			knownRegions = (
				en,
				Base,
			);
			mainGroup = 2459430C2A17985E001A030F;
			productRefGroup = 245943162A17985E001A030F /* Products */;
			projectDirPath = "";
			projectRoot = "";
			targets = (
				245943142A17985E001A030F /* ТП3_19 */,
			);
		};
/* End PBXProject section */

/* Begin PBXSourcesBuildPhase section */
		245943112A17985E001A030F /* Sources */ = {
			isa = PBXSourcesBuildPhase;
			buildActionMask = 2147483647;
			files = (
				245943242A179D41001A030F /* line_CHILD.cpp in Sources */,
				2459432A2A179D75001A030F /* Hyperbole_CHILD.cpp in Sources */,
				245943192A17985E001A030F /* main.cpp in Sources */,
				245943212A179893001A030F /* curves_BASE.cpp in Sources */,
				245943272A179D60001A030F /* ellipse_CHILD.cpp in Sources */,
			);
			runOnlyForDeploymentPostprocessing = 0;
		};
/* End PBXSourcesBuildPhase section */

/* Begin XCBuildConfiguration section */
		2459431A2A17985E001A030F /* Debug */ = {
			isa = XCBuildConfiguration;
			buildSettings = {
				ALWAYS_SEARCH_USER_PATHS = NO;
				CLANG_ANALYZER_NONNULL = YES;
				CLANG_ANALYZER_NUMBER_OBJECT_CONVERSION = YES_AGGRESSIVE;
				CLANG_CXX_LANGUAGE_STANDARD = "gnu++20";
				CLANG_ENABLE_MODULES = YES;
				CLANG_ENABLE_OBJC_ARC = YES;
				CLANG_ENABLE_OBJC_WEAK = YES;
				CLANG_WARN_BLOCK_CAPTURE_AUTORELEASING = YES;
				CLANG_WARN_BOOL_CONVERSION = YES;
				CLANG_WARN_COMMA = YES;
				CLANG_WARN_CONSTANT_CONVERSION = YES;
				CLANG_WARN_DEPRECATED_OBJC_IMPLEMENTATIONS = YES;
				CLANG_WARN_DIRECT_OBJC_ISA_USAGE = YES_ERROR;
				CLANG_WARN_DOCUMENTATION_COMMENTS = YES;
				CLANG_WARN_EMPTY_BODY = YES;
				CLANG_WARN_ENUM_CONVERSION = YES;
				CLANG_WARN_INFINITE_RECURSION = YES;
				CLANG_WARN_INT_CONVERSION = YES;
				CLANG_WARN_NON_LITERAL_NULL_CONVERSION = YES;
				CLANG_WARN_OBJC_IMPLICIT_RETAIN_SELF = YES;
				CLANG_WARN_OBJC_LITERAL_CONVERSION = YES;
				CLANG_WARN_OBJC_ROOT_CLASS = YES_ERROR;
				CLANG_WARN_QUOTED_INCLUDE_IN_FRAMEWORK_HEADER = YES;
				CLANG_WARN_RANGE_LOOP_ANALYSIS = YES;
				CLANG_WARN_STRICT_PROTOTYPES = YES;
				CLANG_WARN_SUSPICIOUS_MOVE = YES;
				CLANG_WARN_UNGUARDED_AVAILABILITY = YES_AGGRESSIVE;
				CLANG_WARN_UNREACHABLE_CODE = YES;
				CLANG_WARN__DUPLICATE_METHOD_MATCH = YES;
				COPY_PHASE_STRIP = NO;
				DEBUG_INFORMATION_FORMAT = dwarf;
				ENABLE_STRICT_OBJC_MSGSEND = YES;
				ENABLE_TESTABILITY = YES;
				GCC_C_LANGUAGE_STANDARD = gnu11;
				GCC_DYNAMIC_NO_PIC = NO;
				GCC_NO_COMMON_BLOCKS = YES;
				GCC_OPTIMIZATION_LEVEL = 0;
				GCC_PREPROCESSOR_DEFINITIONS = (
					"DEBUG=1",
					"$(inherited)",
				);
				GCC_WARN_64_TO_32_BIT_CONVERSION = YES;
				GCC_WARN_ABOUT_RETURN_TYPE = YES_ERROR;
				GCC_WARN_UNDECLARED_SELECTOR = YES;
				GCC_WARN_UNINITIALIZED_AUTOS = YES_AGGRESSIVE;
				GCC_WARN_UNUSED_FUNCTION = YES;
				GCC_WARN_UNUSED_VARIABLE = YES;
				MACOSX_DEPLOYMENT_TARGET = 13.3;
				MTL_ENABLE_DEBUG_INFO = INCLUDE_SOURCE;
				MTL_FAST_MATH = YES;
				ONLY_ACTIVE_ARCH = YES;
				SDKROOT = macosx;
			};
			name = Debug;
		};
		2459431B2A17985E001A030F /* Release */ = {
			isa = XCBuildConfiguration;
			buildSettings = {
				ALWAYS_SEARCH_USER_PATHS = NO;
				CLANG_ANALYZER_NONNULL = YES;
				CLANG_ANALYZER_NUMBER_OBJECT_CONVERSION = YES_AGGRESSIVE;
				CLANG_CXX_LANGUAGE_STANDARD = "gnu++20";
				CLANG_ENABLE_MODULES = YES;
				CLANG_ENABLE_OBJC_ARC = YES;
				CLANG_ENABLE_OBJC_WEAK = YES;
				CLANG_WARN_BLOCK_CAPTURE_AUTORELEASING = YES;
				CLANG_WARN_BOOL_CONVERSION = YES;
				CLANG_WARN_COMMA = YES;
				CLANG_WARN_CONSTANT_CONVERSION = YES;
				CLANG_WARN_DEPRECATED_OBJC_IMPLEMENTATIONS = YES;
				CLANG_WARN_DIRECT_OBJC_ISA_USAGE = YES_ERROR;
				CLANG_WARN_DOCUMENTATION_COMMENTS = YES;
				CLANG_WARN_EMPTY_BODY = YES;
				CLANG_WARN_ENUM_CONVERSION = YES;
				CLANG_WARN_INFINITE_RECURSION = YES;
				CLANG_WARN_INT_CONVERSION = YES;
				CLANG_WARN_NON_LITERAL_NULL_CONVERSION = YES;
				CLANG_WARN_OBJC_IMPLICIT_RETAIN_SELF = YES;
				CLANG_WARN_OBJC_LITERAL_CONVERSION = YES;
				CLANG_WARN_OBJC_ROOT_CLASS = YES_ERROR;
				CLANG_WARN_QUOTED_INCLUDE_IN_FRAMEWORK_HEADER = YES;
				CLANG_WARN_RANGE_LOOP_ANALYSIS = YES;
				CLANG_WARN_STRICT_PROTOTYPES = YES;
				CLANG_WARN_SUSPICIOUS_MOVE = YES;
				CLANG_WARN_UNGUARDED_AVAILABILITY = YES_AGGRESSIVE;
				CLANG_WARN_UNREACHABLE_CODE = YES;
				CLANG_WARN__DUPLICATE_METHOD_MATCH = YES;
				COPY_PHASE_STRIP = NO;
				DEBUG_INFORMATION_FORMAT = "dwarf-with-dsym";
				ENABLE_NS_ASSERTIONS = NO;
				ENABLE_STRICT_OBJC_MSGSEND = YES;
				GCC_C_LANGUAGE_STANDARD = gnu11;
				GCC_NO_COMMON_BLOCKS = YES;
				GCC_WARN_64_TO_32_BIT_CONVERSION = YES;
				GCC_WARN_ABOUT_RETURN_TYPE = YES_ERROR;
				GCC_WARN_UNDECLARED_SELECTOR = YES;
				GCC_WARN_UNINITIALIZED_AUTOS = YES_AGGRESSIVE;
				GCC_WARN_UNUSED_FUNCTION = YES;
				GCC_WARN_UNUSED_VARIABLE = YES;
				MACOSX_DEPLOYMENT_TARGET = 13.3;
				MTL_ENABLE_DEBUG_INFO = NO;
				MTL_FAST_MATH = YES;
				SDKROOT = macosx;
			};
			name = Release;
		};
		2459431D2A17985E001A030F /* Debug */ = {
			isa = XCBuildConfiguration;
			buildSettings = {
				CODE_SIGN_STYLE = Automatic;
				DEVELOPMENT_TEAM = 9K3F42JS69;
				ENABLE_HARDENED_RUNTIME = YES;
				PRODUCT_NAME = "$(TARGET_NAME)";
			};
			name = Debug;
		};
		2459431E2A17985E001A030F /* Release */ = {
			isa = XCBuildConfiguration;
			buildSettings = {
				CODE_SIGN_STYLE = Automatic;
				DEVELOPMENT_TEAM = 9K3F42JS69;
				ENABLE_HARDENED_RUNTIME = YES;
				PRODUCT_NAME = "$(TARGET_NAME)";
			};
			name = Release;
		};
/* End XCBuildConfiguration section */

/* Begin XCConfigurationList section */
		245943102A17985E001A030F /* Build configuration list for PBXProject "ТП3_19" */ = {
			isa = XCConfigurationList;
			buildConfigurations = (
				2459431A2A17985E001A030F /* Debug */,
				2459431B2A17985E001A030F /* Release */,
			);
			defaultConfigurationIsVisible = 0;
			defaultConfigurationName = Release;
		};
		2459431C2A17985E001A030F /* Build configuration list for PBXNativeTarget "ТП3_19" */ = {
			isa = XCConfigurationList;
			buildConfigurations = (
				2459431D2A17985E001A030F /* Debug */,
				2459431E2A17985E001A030F /* Release */,
			);
			defaultConfigurationIsVisible = 0;
			defaultConfigurationName = Release;
		};
/* End XCConfigurationList section */
	};
	rootObject = 2459430D2A17985E001A030F /* Project object */;
}
