// !$*UTF8*$!
{
	archiveVersion = 1;
	classes = {
	};
	objectVersion = 56;
	objects = {

/* Begin PBXBuildFile section */
		246803AE2A26AA4B000216FE /* main.cpp in Sources */ = {isa = PBXBuildFile; fileRef = 246803AD2A26AA4B000216FE /* main.cpp */; };
		246803B82A26AA8A000216FE /* journal.cpp in Sources */ = {isa = PBXBuildFile; fileRef = 246803B42A26AA8A000216FE /* journal.cpp */; };
		246803B92A26AA8A000216FE /* abst.cpp in Sources */ = {isa = PBXBuildFile; fileRef = 246803B62A26AA8A000216FE /* abst.cpp */; };
		246803BE2A26AB5A000216FE /* book.cpp in Sources */ = {isa = PBXBuildFile; fileRef = 246803BA2A26AB5A000216FE /* book.cpp */; };
		246803BF2A26AB5A000216FE /* ucheb.cpp in Sources */ = {isa = PBXBuildFile; fileRef = 246803BD2A26AB5A000216FE /* ucheb.cpp */; };
/* End PBXBuildFile section */

/* Begin PBXCopyFilesBuildPhase section */
		246803A82A26AA4B000216FE /* CopyFiles */ = {
			isa = PBXCopyFilesBuildPhase;
			buildActionMask = 2147483647;
			dstPath = /usr/share/man/man1/;
			dstSubfolderSpec = 0;
			files = (
			);
			runOnlyForDeploymentPostprocessing = 1;
		};
/* End PBXCopyFilesBuildPhase section */

/* Begin PBXFileReference section */
		246803AA2A26AA4B000216FE /* ТП3_9 */ = {isa = PBXFileReference; explicitFileType = "compiled.mach-o.executable"; includeInIndex = 0; path = "ТП3_9"; sourceTree = BUILT_PRODUCTS_DIR; };
		246803AD2A26AA4B000216FE /* main.cpp */ = {isa = PBXFileReference; lastKnownFileType = sourcecode.cpp.cpp; path = main.cpp; sourceTree = "<group>"; };
		246803B42A26AA8A000216FE /* journal.cpp */ = {isa = PBXFileReference; fileEncoding = 4; lastKnownFileType = sourcecode.cpp.cpp; path = journal.cpp; sourceTree = "<group>"; };
		246803B52A26AA8A000216FE /* journal.hpp */ = {isa = PBXFileReference; fileEncoding = 4; lastKnownFileType = sourcecode.cpp.h; path = journal.hpp; sourceTree = "<group>"; };
		246803B62A26AA8A000216FE /* abst.cpp */ = {isa = PBXFileReference; fileEncoding = 4; lastKnownFileType = sourcecode.cpp.cpp; path = abst.cpp; sourceTree = "<group>"; };
		246803B72A26AA8A000216FE /* abst.hpp */ = {isa = PBXFileReference; fileEncoding = 4; lastKnownFileType = sourcecode.cpp.h; path = abst.hpp; sourceTree = "<group>"; };
		246803BA2A26AB5A000216FE /* book.cpp */ = {isa = PBXFileReference; fileEncoding = 4; lastKnownFileType = sourcecode.cpp.cpp; path = book.cpp; sourceTree = "<group>"; };
		246803BB2A26AB5A000216FE /* book.hpp */ = {isa = PBXFileReference; fileEncoding = 4; lastKnownFileType = sourcecode.cpp.h; path = book.hpp; sourceTree = "<group>"; };
		246803BC2A26AB5A000216FE /* ucheb.hpp */ = {isa = PBXFileReference; fileEncoding = 4; lastKnownFileType = sourcecode.cpp.h; path = ucheb.hpp; sourceTree = "<group>"; };
		246803BD2A26AB5A000216FE /* ucheb.cpp */ = {isa = PBXFileReference; fileEncoding = 4; lastKnownFileType = sourcecode.cpp.cpp; path = ucheb.cpp; sourceTree = "<group>"; };
/* End PBXFileReference section */

/* Begin PBXFrameworksBuildPhase section */
		246803A72A26AA4B000216FE /* Frameworks */ = {
			isa = PBXFrameworksBuildPhase;
			buildActionMask = 2147483647;
			files = (
			);
			runOnlyForDeploymentPostprocessing = 0;
		};
/* End PBXFrameworksBuildPhase section */

/* Begin PBXGroup section */
		246803A12A26AA4B000216FE = {
			isa = PBXGroup;
			children = (
				246803AC2A26AA4B000216FE /* ТП3_9 */,
				246803AB2A26AA4B000216FE /* Products */,
			);
			sourceTree = "<group>";
		};
		246803AB2A26AA4B000216FE /* Products */ = {
			isa = PBXGroup;
			children = (
				246803AA2A26AA4B000216FE /* ТП3_9 */,
			);
			name = Products;
			sourceTree = "<group>";
		};
		246803AC2A26AA4B000216FE /* ТП3_9 */ = {
			isa = PBXGroup;
			children = (
				246803AD2A26AA4B000216FE /* main.cpp */,
				246803BA2A26AB5A000216FE /* book.cpp */,
				246803BB2A26AB5A000216FE /* book.hpp */,
				246803BD2A26AB5A000216FE /* ucheb.cpp */,
				246803BC2A26AB5A000216FE /* ucheb.hpp */,
				246803B52A26AA8A000216FE /* journal.hpp */,
				246803B42A26AA8A000216FE /* journal.cpp */,
				246803B62A26AA8A000216FE /* abst.cpp */,
				246803B72A26AA8A000216FE /* abst.hpp */,
			);
			path = "ТП3_9";
			sourceTree = "<group>";
		};
/* End PBXGroup section */

/* Begin PBXNativeTarget section */
		246803A92A26AA4B000216FE /* ТП3_9 */ = {
			isa = PBXNativeTarget;
			buildConfigurationList = 246803B12A26AA4B000216FE /* Build configuration list for PBXNativeTarget "ТП3_9" */;
			buildPhases = (
				246803A62A26AA4B000216FE /* Sources */,
				246803A72A26AA4B000216FE /* Frameworks */,
				246803A82A26AA4B000216FE /* CopyFiles */,
			);
			buildRules = (
			);
			dependencies = (
			);
			name = "ТП3_9";
			productName = "ТП3_9";
			productReference = 246803AA2A26AA4B000216FE /* ТП3_9 */;
			productType = "com.apple.product-type.tool";
		};
/* End PBXNativeTarget section */

/* Begin PBXProject section */
		246803A22A26AA4B000216FE /* Project object */ = {
			isa = PBXProject;
			attributes = {
				BuildIndependentTargetsInParallel = 1;
				LastUpgradeCheck = 1430;
				TargetAttributes = {
					246803A92A26AA4B000216FE = {
						CreatedOnToolsVersion = 14.3;
					};
				};
			};
			buildConfigurationList = 246803A52A26AA4B000216FE /* Build configuration list for PBXProject "ТП3_9" */;
			compatibilityVersion = "Xcode 14.0";
			developmentRegion = en;
			hasScannedForEncodings = 0;
			knownRegions = (
				en,
				Base,
			);
			mainGroup = 246803A12A26AA4B000216FE;
			productRefGroup = 246803AB2A26AA4B000216FE /* Products */;
			projectDirPath = "";
			projectRoot = "";
			targets = (
				246803A92A26AA4B000216FE /* ТП3_9 */,
			);
		};
/* End PBXProject section */

/* Begin PBXSourcesBuildPhase section */
		246803A62A26AA4B000216FE /* Sources */ = {
			isa = PBXSourcesBuildPhase;
			buildActionMask = 2147483647;
			files = (
				246803BF2A26AB5A000216FE /* ucheb.cpp in Sources */,
				246803BE2A26AB5A000216FE /* book.cpp in Sources */,
				246803AE2A26AA4B000216FE /* main.cpp in Sources */,
				246803B82A26AA8A000216FE /* journal.cpp in Sources */,
				246803B92A26AA8A000216FE /* abst.cpp in Sources */,
			);
			runOnlyForDeploymentPostprocessing = 0;
		};
/* End PBXSourcesBuildPhase section */

/* Begin XCBuildConfiguration section */
		246803AF2A26AA4B000216FE /* Debug */ = {
			isa = XCBuildConfiguration;
			buildSettings = {
				ALWAYS_SEARCH_USER_PATHS = NO;
				CLANG_ANALYZER_NONNULL = YES;
				CLANG_ANALYZER_NUMBER_OBJECT_CONVERSION = YES_AGGRESSIVE;
				CLANG_CXX_LANGUAGE_STANDARD = "gnu++20";
				CLANG_ENABLE_MODULES = YES;
				CLANG_ENABLE_OBJC_ARC = YES;
				CLANG_ENABLE_OBJC_WEAK = YES;
				CLANG_WARN_BLOCK_CAPTURE_AUTORELEASING = YES;
				CLANG_WARN_BOOL_CONVERSION = YES;
				CLANG_WARN_COMMA = YES;
				CLANG_WARN_CONSTANT_CONVERSION = YES;
				CLANG_WARN_DEPRECATED_OBJC_IMPLEMENTATIONS = YES;
				CLANG_WARN_DIRECT_OBJC_ISA_USAGE = YES_ERROR;
				CLANG_WARN_DOCUMENTATION_COMMENTS = YES;
				CLANG_WARN_EMPTY_BODY = YES;
				CLANG_WARN_ENUM_CONVERSION = YES;
				CLANG_WARN_INFINITE_RECURSION = YES;
				CLANG_WARN_INT_CONVERSION = YES;
				CLANG_WARN_NON_LITERAL_NULL_CONVERSION = YES;
				CLANG_WARN_OBJC_IMPLICIT_RETAIN_SELF = YES;
				CLANG_WARN_OBJC_LITERAL_CONVERSION = YES;
				CLANG_WARN_OBJC_ROOT_CLASS = YES_ERROR;
				CLANG_WARN_QUOTED_INCLUDE_IN_FRAMEWORK_HEADER = YES;
				CLANG_WARN_RANGE_LOOP_ANALYSIS = YES;
				CLANG_WARN_STRICT_PROTOTYPES = YES;
				CLANG_WARN_SUSPICIOUS_MOVE = YES;
				CLANG_WARN_UNGUARDED_AVAILABILITY = YES_AGGRESSIVE;
				CLANG_WARN_UNREACHABLE_CODE = YES;
				CLANG_WARN__DUPLICATE_METHOD_MATCH = YES;
				COPY_PHASE_STRIP = NO;
				DEBUG_INFORMATION_FORMAT = dwarf;
				ENABLE_STRICT_OBJC_MSGSEND = YES;
				ENABLE_TESTABILITY = YES;
				GCC_C_LANGUAGE_STANDARD = gnu11;
				GCC_DYNAMIC_NO_PIC = NO;
				GCC_NO_COMMON_BLOCKS = YES;
				GCC_OPTIMIZATION_LEVEL = 0;
				GCC_PREPROCESSOR_DEFINITIONS = (
					"DEBUG=1",
					"$(inherited)",
				);
				GCC_WARN_64_TO_32_BIT_CONVERSION = YES;
				GCC_WARN_ABOUT_RETURN_TYPE = YES_ERROR;
				GCC_WARN_UNDECLARED_SELECTOR = YES;
				GCC_WARN_UNINITIALIZED_AUTOS = YES_AGGRESSIVE;
				GCC_WARN_UNUSED_FUNCTION = YES;
				GCC_WARN_UNUSED_VARIABLE = YES;
				MACOSX_DEPLOYMENT_TARGET = 13.3;
				MTL_ENABLE_DEBUG_INFO = INCLUDE_SOURCE;
				MTL_FAST_MATH = YES;
				ONLY_ACTIVE_ARCH = YES;
				SDKROOT = macosx;
			};
			name = Debug;
		};
		246803B02A26AA4B000216FE /* Release */ = {
			isa = XCBuildConfiguration;
			buildSettings = {
				ALWAYS_SEARCH_USER_PATHS = NO;
				CLANG_ANALYZER_NONNULL = YES;
				CLANG_ANALYZER_NUMBER_OBJECT_CONVERSION = YES_AGGRESSIVE;
				CLANG_CXX_LANGUAGE_STANDARD = "gnu++20";
				CLANG_ENABLE_MODULES = YES;
				CLANG_ENABLE_OBJC_ARC = YES;
				CLANG_ENABLE_OBJC_WEAK = YES;
				CLANG_WARN_BLOCK_CAPTURE_AUTORELEASING = YES;
				CLANG_WARN_BOOL_CONVERSION = YES;
				CLANG_WARN_COMMA = YES;
				CLANG_WARN_CONSTANT_CONVERSION = YES;
				CLANG_WARN_DEPRECATED_OBJC_IMPLEMENTATIONS = YES;
				CLANG_WARN_DIRECT_OBJC_ISA_USAGE = YES_ERROR;
				CLANG_WARN_DOCUMENTATION_COMMENTS = YES;
				CLANG_WARN_EMPTY_BODY = YES;
				CLANG_WARN_ENUM_CONVERSION = YES;
				CLANG_WARN_INFINITE_RECURSION = YES;
				CLANG_WARN_INT_CONVERSION = YES;
				CLANG_WARN_NON_LITERAL_NULL_CONVERSION = YES;
				CLANG_WARN_OBJC_IMPLICIT_RETAIN_SELF = YES;
				CLANG_WARN_OBJC_LITERAL_CONVERSION = YES;
				CLANG_WARN_OBJC_ROOT_CLASS = YES_ERROR;
				CLANG_WARN_QUOTED_INCLUDE_IN_FRAMEWORK_HEADER = YES;
				CLANG_WARN_RANGE_LOOP_ANALYSIS = YES;
				CLANG_WARN_STRICT_PROTOTYPES = YES;
				CLANG_WARN_SUSPICIOUS_MOVE = YES;
				CLANG_WARN_UNGUARDED_AVAILABILITY = YES_AGGRESSIVE;
				CLANG_WARN_UNREACHABLE_CODE = YES;
				CLANG_WARN__DUPLICATE_METHOD_MATCH = YES;
				COPY_PHASE_STRIP = NO;
				DEBUG_INFORMATION_FORMAT = "dwarf-with-dsym";
				ENABLE_NS_ASSERTIONS = NO;
				ENABLE_STRICT_OBJC_MSGSEND = YES;
				GCC_C_LANGUAGE_STANDARD = gnu11;
				GCC_NO_COMMON_BLOCKS = YES;
				GCC_WARN_64_TO_32_BIT_CONVERSION = YES;
				GCC_WARN_ABOUT_RETURN_TYPE = YES_ERROR;
				GCC_WARN_UNDECLARED_SELECTOR = YES;
				GCC_WARN_UNINITIALIZED_AUTOS = YES_AGGRESSIVE;
				GCC_WARN_UNUSED_FUNCTION = YES;
				GCC_WARN_UNUSED_VARIABLE = YES;
				MACOSX_DEPLOYMENT_TARGET = 13.3;
				MTL_ENABLE_DEBUG_INFO = NO;
				MTL_FAST_MATH = YES;
				SDKROOT = macosx;
			};
			name = Release;
		};
		246803B22A26AA4B000216FE /* Debug */ = {
			isa = XCBuildConfiguration;
			buildSettings = {
				CODE_SIGN_STYLE = Automatic;
				DEVELOPMENT_TEAM = 9K3F42JS69;
				ENABLE_HARDENED_RUNTIME = YES;
				PRODUCT_NAME = "$(TARGET_NAME)";
			};
			name = Debug;
		};
		246803B32A26AA4B000216FE /* Release */ = {
			isa = XCBuildConfiguration;
			buildSettings = {
				CODE_SIGN_STYLE = Automatic;
				DEVELOPMENT_TEAM = 9K3F42JS69;
				ENABLE_HARDENED_RUNTIME = YES;
				PRODUCT_NAME = "$(TARGET_NAME)";
			};
			name = Release;
		};
/* End XCBuildConfiguration section */

/* Begin XCConfigurationList section */
		246803A52A26AA4B000216FE /* Build configuration list for PBXProject "ТП3_9" */ = {
			isa = XCConfigurationList;
			buildConfigurations = (
				246803AF2A26AA4B000216FE /* Debug */,
				246803B02A26AA4B000216FE /* Release */,
			);
			defaultConfigurationIsVisible = 0;
			defaultConfigurationName = Release;
		};
		246803B12A26AA4B000216FE /* Build configuration list for PBXNativeTarget "ТП3_9" */ = {
			isa = XCConfigurationList;
			buildConfigurations = (
				246803B22A26AA4B000216FE /* Debug */,
				246803B32A26AA4B000216FE /* Release */,
			);
			defaultConfigurationIsVisible = 0;
			defaultConfigurationName = Release;
		};
/* End XCConfigurationList section */
	};
	rootObject = 246803A22A26AA4B000216FE /* Project object */;
}
